# This file is automatically @generated by Poetry 1.7.1 and should not be changed by hand.

[[package]]
name = "pydantic"
version = "2.7.0"
description = ""
optional = false
python-versions = "*"
files = [
    {file = "pydantic-2.7.0-py3-none-any.whl", hash = "sha256:9dee74a271705f14f9a1567671d144a851c675b072736f0a7b2608fd9e495352"},
    {file = "pydantic-2.7.0.tar.gz", hash = "sha256:b5ecdd42262ca2462e2624793551e80911a1e989f462910bb81aef974b4bb383"},
]

[package.source]
type = "legacy"
url = "https://pypi.python.org/pypi"
reference = "legacy"

[metadata]
lock-version = "2.0"
python-versions = "^3.10"
content-hash = "ea0c2b4042a9dcb32013edae51ba7397c1f050cb8cddf3ade54433608a00bd68"
